
Microsoft Visual Studio Solution File, Format Version 12.00
# Visual Studio Version 17
VisualStudioVersion = 17.6.33829.357
MinimumVisualStudioVersion = 10.0.40219.1
Project("{9A19103F-16F7-4668-BE54-9A1E7A4F7556}") = "ShoppingCartAPI", "ShoppingCartAPI\ShoppingCartAPI.csproj", "{F9C27998-080E-445E-ADD7-78911942D387}"
EndProject
Project("{9A19103F-16F7-4668-BE54-9A1E7A4F7556}") = "ShoppingCartWeb", "ShoppingCartWeb\ShoppingCartWeb.csproj", "{FDAC48BD-8737-4678-98E2-92FA004BD5B4}"
EndProject
Global
	GlobalSection(SolutionConfigurationPlatforms) = preSolution
		Debug|Any CPU = Debug|Any CPU
		Release|Any CPU = Release|Any CPU
	EndGlobalSection
	GlobalSection(ProjectConfigurationPlatforms) = postSolution
		{F9C27998-080E-445E-ADD7-78911942D387}.Debug|Any CPU.ActiveCfg = Debug|Any CPU
		{F9C27998-080E-445E-ADD7-78911942D387}.Debug|Any CPU.Build.0 = Debug|Any CPU
		{F9C27998-080E-445E-ADD7-78911942D387}.Release|Any CPU.ActiveCfg = Release|Any CPU
		{F9C27998-080E-445E-ADD7-78911942D387}.Release|Any CPU.Build.0 = Release|Any CPU
		{FDAC48BD-8737-4678-98E2-92FA004BD5B4}.Debug|Any CPU.ActiveCfg = Debug|Any CPU
		{FDAC48BD-8737-4678-98E2-92FA004BD5B4}.Debug|Any CPU.Build.0 = Debug|Any CPU
		{FDAC48BD-8737-4678-98E2-92FA004BD5B4}.Release|Any CPU.ActiveCfg = Release|Any CPU
		{FDAC48BD-8737-4678-98E2-92FA004BD5B4}.Release|Any CPU.Build.0 = Release|Any CPU
	EndGlobalSection
	GlobalSection(SolutionProperties) = preSolution
		HideSolutionNode = FALSE
	EndGlobalSection
	GlobalSection(ExtensibilityGlobals) = postSolution
		SolutionGuid = {39413831-EC2D-4A2C-B2DA-2511E03D8038}
	EndGlobalSection
EndGlobal
